// !$*UTF8*$!
{
	archiveVersion = 1;
	classes = {
	};
	objectVersion = 46;
	objects = {

/* Begin PBXBuildFile section */
		FF0D2B251CF40DC7002CE2DC /* AppDelegate.swift in Sources */ = {isa = PBXBuildFile; fileRef = FF0D2B241CF40DC7002CE2DC /* AppDelegate.swift */; };
		FF0D2B271CF40DC7002CE2DC /* ViewController.swift in Sources */ = {isa = PBXBuildFile; fileRef = FF0D2B261CF40DC7002CE2DC /* ViewController.swift */; };
		FF0D2B2A1CF40DC7002CE2DC /* Main.storyboard in Resources */ = {isa = PBXBuildFile; fileRef = FF0D2B281CF40DC7002CE2DC /* Main.storyboard */; };
		FF0D2B2C1CF40DC7002CE2DC /* Assets.xcassets in Resources */ = {isa = PBXBuildFile; fileRef = FF0D2B2B1CF40DC7002CE2DC /* Assets.xcassets */; };
		FF0D2B2F1CF40DC7002CE2DC /* LaunchScreen.storyboard in Resources */ = {isa = PBXBuildFile; fileRef = FF0D2B2D1CF40DC7002CE2DC /* LaunchScreen.storyboard */; };
		FF0D2B371CF411FD002CE2DC /* music.mp3 in Resources */ = {isa = PBXBuildFile; fileRef = FF0D2B361CF411FD002CE2DC /* music.mp3 */; };
		FF0D2B391CF41365002CE2DC /* pokemon.csv in Resources */ = {isa = PBXBuildFile; fileRef = FF0D2B381CF41365002CE2DC /* pokemon.csv */; };
/* End PBXBuildFile section */

/* Begin PBXFileReference section */
		FF0D2B211CF40DC7002CE2DC /* PokeDex.app */ = {isa = PBXFileReference; explicitFileType = wrapper.application; includeInIndex = 0; path = PokeDex.app; sourceTree = BUILT_PRODUCTS_DIR; };
		FF0D2B241CF40DC7002CE2DC /* AppDelegate.swift */ = {isa = PBXFileReference; lastKnownFileType = sourcecode.swift; path = AppDelegate.swift; sourceTree = "<group>"; };
		FF0D2B261CF40DC7002CE2DC /* ViewController.swift */ = {isa = PBXFileReference; lastKnownFileType = sourcecode.swift; path = ViewController.swift; sourceTree = "<group>"; };
		FF0D2B291CF40DC7002CE2DC /* Base */ = {isa = PBXFileReference; lastKnownFileType = file.storyboard; name = Base; path = Base.lproj/Main.storyboard; sourceTree = "<group>"; };
		FF0D2B2B1CF40DC7002CE2DC /* Assets.xcassets */ = {isa = PBXFileReference; lastKnownFileType = folder.assetcatalog; path = Assets.xcassets; sourceTree = "<group>"; };
		FF0D2B2E1CF40DC7002CE2DC /* Base */ = {isa = PBXFileReference; lastKnownFileType = file.storyboard; name = Base; path = Base.lproj/LaunchScreen.storyboard; sourceTree = "<group>"; };
		FF0D2B301CF40DC7002CE2DC /* Info.plist */ = {isa = PBXFileReference; lastKnownFileType = text.plist.xml; path = Info.plist; sourceTree = "<group>"; };
		FF0D2B361CF411FD002CE2DC /* music.mp3 */ = {isa = PBXFileReference; lastKnownFileType = audio.mp3; path = music.mp3; sourceTree = "<group>"; };
		FF0D2B381CF41365002CE2DC /* pokemon.csv */ = {isa = PBXFileReference; fileEncoding = 4; lastKnownFileType = text; path = pokemon.csv; sourceTree = "<group>"; };
/* End PBXFileReference section */

/* Begin PBXFrameworksBuildPhase section */
		FF0D2B1E1CF40DC7002CE2DC /* Frameworks */ = {
			isa = PBXFrameworksBuildPhase;
			buildActionMask = 2147483647;
			files = (
			);
			runOnlyForDeploymentPostprocessing = 0;
		};
/* End PBXFrameworksBuildPhase section */

/* Begin PBXGroup section */
		FF0D2B181CF40DC7002CE2DC = {
			isa = PBXGroup;
			children = (
				FF0D2B231CF40DC7002CE2DC /* PokeDex */,
				FF0D2B221CF40DC7002CE2DC /* Products */,
			);
			sourceTree = "<group>";
		};
		FF0D2B221CF40DC7002CE2DC /* Products */ = {
			isa = PBXGroup;
			children = (
				FF0D2B211CF40DC7002CE2DC /* PokeDex.app */,
			);
			name = Products;
			sourceTree = "<group>";
		};
		FF0D2B231CF40DC7002CE2DC /* PokeDex */ = {
			isa = PBXGroup;
			children = (
				FF0D2B241CF40DC7002CE2DC /* AppDelegate.swift */,
				FF0D2B261CF40DC7002CE2DC /* ViewController.swift */,
				FF0D2B281CF40DC7002CE2DC /* Main.storyboard */,
				FF0D2B2B1CF40DC7002CE2DC /* Assets.xcassets */,
				FF0D2B2D1CF40DC7002CE2DC /* LaunchScreen.storyboard */,
				FF0D2B301CF40DC7002CE2DC /* Info.plist */,
				FF0D2B361CF411FD002CE2DC /* music.mp3 */,
				FF0D2B381CF41365002CE2DC /* pokemon.csv */,
			);
			path = PokeDex;
			sourceTree = "<group>";
		};
/* End PBXGroup section */

/* Begin PBXNativeTarget section */
		FF0D2B201CF40DC7002CE2DC /* PokeDex */ = {
			isa = PBXNativeTarget;
			buildConfigurationList = FF0D2B331CF40DC7002CE2DC /* Build configuration list for PBXNativeTarget "PokeDex" */;
			buildPhases = (
				FF0D2B1D1CF40DC7002CE2DC /* Sources */,
				FF0D2B1E1CF40DC7002CE2DC /* Frameworks */,
				FF0D2B1F1CF40DC7002CE2DC /* Resources */,
			);
			buildRules = (
			);
			dependencies = (
			);
			name = PokeDex;
			productName = PokeDex;
			productReference = FF0D2B211CF40DC7002CE2DC /* PokeDex.app */;
			productType = "com.apple.product-type.application";
		};
/* End PBXNativeTarget section */

/* Begin PBXProject section */
		FF0D2B191CF40DC7002CE2DC /* Project object */ = {
			isa = PBXProject;
			attributes = {
				LastSwiftUpdateCheck = 0730;
				LastUpgradeCheck = 0730;
				ORGANIZATIONNAME = "Kirk Tautz";
				TargetAttributes = {
					FF0D2B201CF40DC7002CE2DC = {
						CreatedOnToolsVersion = 7.3.1;
					};
				};
			};
			buildConfigurationList = FF0D2B1C1CF40DC7002CE2DC /* Build configuration list for PBXProject "PokeDex" */;
			compatibilityVersion = "Xcode 3.2";
			developmentRegion = English;
			hasScannedForEncodings = 0;
			knownRegions = (
				en,
				Base,
			);
			mainGroup = FF0D2B181CF40DC7002CE2DC;
			productRefGroup = FF0D2B221CF40DC7002CE2DC /* Products */;
			projectDirPath = "";
			projectRoot = "";
			targets = (
				FF0D2B201CF40DC7002CE2DC /* PokeDex */,
			);
		};
/* End PBXProject section */

/* Begin PBXResourcesBuildPhase section */
		FF0D2B1F1CF40DC7002CE2DC /* Resources */ = {
			isa = PBXResourcesBuildPhase;
			buildActionMask = 2147483647;
			files = (
				FF0D2B371CF411FD002CE2DC /* music.mp3 in Resources */,
				FF0D2B2F1CF40DC7002CE2DC /* LaunchScreen.storyboard in Resources */,
				FF0D2B2C1CF40DC7002CE2DC /* Assets.xcassets in Resources */,
				FF0D2B2A1CF40DC7002CE2DC /* Main.storyboard in Resources */,
				FF0D2B391CF41365002CE2DC /* pokemon.csv in Resources */,
			);
			runOnlyForDeploymentPostprocessing = 0;
		};
/* End PBXResourcesBuildPhase section */

/* Begin PBXSourcesBuildPhase section */
		FF0D2B1D1CF40DC7002CE2DC /* Sources */ = {
			isa = PBXSourcesBuildPhase;
			buildActionMask = 2147483647;
			files = (
				FF0D2B271CF40DC7002CE2DC /* ViewController.swift in Sources */,
				FF0D2B251CF40DC7002CE2DC /* AppDelegate.swift in Sources */,
			);
			runOnlyForDeploymentPostprocessing = 0;
		};
/* End PBXSourcesBuildPhase section */

/* Begin PBXVariantGroup section */
		FF0D2B281CF40DC7002CE2DC /* Main.storyboard */ = {
			isa = PBXVariantGroup;
			children = (
				FF0D2B291CF40DC7002CE2DC /* Base */,
			);
			name = Main.storyboard;
			sourceTree = "<group>";
		};
		FF0D2B2D1CF40DC7002CE2DC /* LaunchScreen.storyboard */ = {
			isa = PBXVariantGroup;
			children = (
				FF0D2B2E1CF40DC7002CE2DC /* Base */,
			);
			name = LaunchScreen.storyboard;
			sourceTree = "<group>";
		};
/* End PBXVariantGroup section */

/* Begin XCBuildConfiguration section */
		FF0D2B311CF40DC7002CE2DC /* Debug */ = {
			isa = XCBuildConfiguration;
			buildSettings = {
				ALWAYS_SEARCH_USER_PATHS = NO;
				CLANG_ANALYZER_NONNULL = YES;
				CLANG_CXX_LANGUAGE_STANDARD = "gnu++0x";
				CLANG_CXX_LIBRARY = "libc++";
				CLANG_ENABLE_MODULES = YES;
				CLANG_ENABLE_OBJC_ARC = YES;
				CLANG_WARN_BOOL_CONVERSION = YES;
				CLANG_WARN_CONSTANT_CONVERSION = YES;
				CLANG_WARN_DIRECT_OBJC_ISA_USAGE = YES_ERROR;
				CLANG_WARN_EMPTY_BODY = YES;
				CLANG_WARN_ENUM_CONVERSION = YES;
				CLANG_WARN_INT_CONVERSION = YES;
				CLANG_WARN_OBJC_ROOT_CLASS = YES_ERROR;
				CLANG_WARN_UNREACHABLE_CODE = YES;
				CLANG_WARN__DUPLICATE_METHOD_MATCH = YES;
				"CODE_SIGN_IDENTITY[sdk=iphoneos*]" = "iPhone Developer";
				COPY_PHASE_STRIP = NO;
				DEBUG_INFORMATION_FORMAT = dwarf;
				ENABLE_STRICT_OBJC_MSGSEND = YES;
				ENABLE_TESTABILITY = YES;
				GCC_C_LANGUAGE_STANDARD = gnu99;
				GCC_DYNAMIC_NO_PIC = NO;
				GCC_NO_COMMON_BLOCKS = YES;
				GCC_OPTIMIZATION_LEVEL = 0;
				GCC_PREPROCESSOR_DEFINITIONS = (
					"DEBUG=1",
					"$(inherited)",
				);
				GCC_WARN_64_TO_32_BIT_CONVERSION = YES;
				GCC_WARN_ABOUT_RETURN_TYPE = YES_ERROR;
				GCC_WARN_UNDECLARED_SELECTOR = YES;
				GCC_WARN_UNINITIALIZED_AUTOS = YES_AGGRESSIVE;
				GCC_WARN_UNUSED_FUNCTION = YES;
				GCC_WARN_UNUSED_VARIABLE = YES;
				IPHONEOS_DEPLOYMENT_TARGET = 9.3;
				MTL_ENABLE_DEBUG_INFO = YES;
				ONLY_ACTIVE_ARCH = YES;
				SDKROOT = iphoneos;
				SWIFT_OPTIMIZATION_LEVEL = "-Onone";
				TARGETED_DEVICE_FAMILY = "1,2";
			};
			name = Debug;
		};
		FF0D2B321CF40DC7002CE2DC /* Release */ = {
			isa = XCBuildConfiguration;
			buildSettings = {
				ALWAYS_SEARCH_USER_PATHS = NO;
				CLANG_ANALYZER_NONNULL = YES;
				CLANG_CXX_LANGUAGE_STANDARD = "gnu++0x";
				CLANG_CXX_LIBRARY = "libc++";
				CLANG_ENABLE_MODULES = YES;
				CLANG_ENABLE_OBJC_ARC = YES;
				CLANG_WARN_BOOL_CONVERSION = YES;
				CLANG_WARN_CONSTANT_CONVERSION = YES;
				CLANG_WARN_DIRECT_OBJC_ISA_USAGE = YES_ERROR;
				CLANG_WARN_EMPTY_BODY = YES;
				CLANG_WARN_ENUM_CONVERSION = YES;
				CLANG_WARN_INT_CONVERSION = YES;
				CLANG_WARN_OBJC_ROOT_CLASS = YES_ERROR;
				CLANG_WARN_UNREACHABLE_CODE = YES;
				CLANG_WARN__DUPLICATE_METHOD_MATCH = YES;
				"CODE_SIGN_IDENTITY[sdk=iphoneos*]" = "iPhone Developer";
				COPY_PHASE_STRIP = NO;
				DEBUG_INFORMATION_FORMAT = "dwarf-with-dsym";
				ENABLE_NS_ASSERTIONS = NO;
				ENABLE_STRICT_OBJC_MSGSEND = YES;
				GCC_C_LANGUAGE_STANDARD = gnu99;
				GCC_NO_COMMON_BLOCKS = YES;
				GCC_WARN_64_TO_32_BIT_CONVERSION = YES;
				GCC_WARN_ABOUT_RETURN_TYPE = YES_ERROR;
				GCC_WARN_UNDECLARED_SELECTOR = YES;
				GCC_WARN_UNINITIALIZED_AUTOS = YES_AGGRESSIVE;
				GCC_WARN_UNUSED_FUNCTION = YES;
				GCC_WARN_UNUSED_VARIABLE = YES;
				IPHONEOS_DEPLOYMENT_TARGET = 9.3;
				MTL_ENABLE_DEBUG_INFO = NO;
				SDKROOT = iphoneos;
				TARGETED_DEVICE_FAMILY = "1,2";
				VALIDATE_PRODUCT = YES;
			};
			name = Release;
		};
		FF0D2B341CF40DC7002CE2DC /* Debug */ = {
			isa = XCBuildConfiguration;
			buildSettings = {
				ASSETCATALOG_COMPILER_APPICON_NAME = AppIcon;
				INFOPLIST_FILE = PokeDex/Info.plist;
				LD_RUNPATH_SEARCH_PATHS = "$(inherited) @executable_path/Frameworks";
				PRODUCT_BUNDLE_IDENTIFIER = com.kirktautzdevelopment.PokeDex;
				PRODUCT_NAME = "$(TARGET_NAME)";
			};
			name = Debug;
		};
		FF0D2B351CF40DC7002CE2DC /* Release */ = {
			isa = XCBuildConfiguration;
			buildSettings = {
				ASSETCATALOG_COMPILER_APPICON_NAME = AppIcon;
				INFOPLIST_FILE = PokeDex/Info.plist;
				LD_RUNPATH_SEARCH_PATHS = "$(inherited) @executable_path/Frameworks";
				PRODUCT_BUNDLE_IDENTIFIER = com.kirktautzdevelopment.PokeDex;
				PRODUCT_NAME = "$(TARGET_NAME)";
			};
			name = Release;
		};
/* End XCBuildConfiguration section */

/* Begin XCConfigurationList section */
		FF0D2B1C1CF40DC7002CE2DC /* Build configuration list for PBXProject "PokeDex" */ = {
			isa = XCConfigurationList;
			buildConfigurations = (
				FF0D2B311CF40DC7002CE2DC /* Debug */,
				FF0D2B321CF40DC7002CE2DC /* Release */,
			);
			defaultConfigurationIsVisible = 0;
			defaultConfigurationName = Release;
		};
		FF0D2B331CF40DC7002CE2DC /* Build configuration list for PBXNativeTarget "PokeDex" */ = {
			isa = XCConfigurationList;
			buildConfigurations = (
				FF0D2B341CF40DC7002CE2DC /* Debug */,
				FF0D2B351CF40DC7002CE2DC /* Release */,
			);
			defaultConfigurationIsVisible = 0;
		};
/* End XCConfigurationList section */
	};
	rootObject = FF0D2B191CF40DC7002CE2DC /* Project object */;
}
